Microsoft Visual Studio Solution File, Format Version 12.00
# Visual Studio Version 16
VisualStudioVersion = 16.0.29319.158
MinimumVisualStudioVersion = 15.0.26730.16
Project("{2150E333-8FDC-42A3-9474-1A3956D46DE8}") = ".SolutionItems", ".SolutionItems", "{2745D9FA-8583-434A-87D8-9A8BC11F5B0B}"
	ProjectSection(SolutionItems) = preProject
		appveyor.yml = appveyor.yml
		Directory.Build.props = Directory.Build.props
		Directory.Packages.props = Directory.Packages.props
		..\readme.md = ..\readme.md
		mdsnippets.json = mdsnippets.json
		..\readme.source.md = ..\readme.source.md
	EndProjectSection
EndProject
Project("{9A19103F-16F7-4668-BE54-9A1E7A4F7556}") = "Delta", "Delta\Delta.csproj", "{92E64F4E-6A8E-43C2-9C8D-694E0327BEF0}"
EndProject
Project("{FAE04EC0-301F-11D3-BF4B-00C04F79EFBC}") = "WebApplicationSqlServer", "WebApplicationSqlServer\WebApplicationSqlServer.csproj", "{D167BFA5-BBA5-4BB3-B73E-75C9681AB850}"
EndProject
Project("{FAE04EC0-301F-11D3-BF4B-00C04F79EFBC}") = "Delta.EF", "Delta.EF\Delta.EF.csproj", "{0EF99A1B-8415-4DF2-A33C-9B3CF75B33A7}"
EndProject
Project("{FAE04EC0-301F-11D3-BF4B-00C04F79EFBC}") = "Delta.EFTests", "Delta.EFTests\Delta.EFTests.csproj", "{1807D81B-20C3-48F4-9BE1-BC145823CE1D}"
EndProject
Project("{FAE04EC0-301F-11D3-BF4B-00C04F79EFBC}") = "WebApplicationSqlServerEF", "WebApplicationSqlServerEF\WebApplicationSqlServerEF.csproj", "{B0B0FD57-8621-4A0D-9401-D2FC0A144263}"
EndProject
Project("{FAE04EC0-301F-11D3-BF4B-00C04F79EFBC}") = "DeltaTests", "DeltaTests\DeltaTests.csproj", "{9695F532-6B30-4F50-877D-37321B36E775}"
EndProject
Project("{2150E333-8FDC-42A3-9474-1A3956D46DE8}") = "EF", "EF", "{220EFFC5-0A70-4C18-9948-3C344DC0E09D}"
EndProject
Project("{2150E333-8FDC-42A3-9474-1A3956D46DE8}") = "Raw", "Raw", "{B84437AD-ECAE-457D-B6D4-228AD7F2E52E}"
EndProject
Project("{FAE04EC0-301F-11D3-BF4B-00C04F79EFBC}") = "Delta.SqlServer", "Delta.SqlServer\Delta.SqlServer.csproj", "{DB4D0B8B-9259-410D-84BF-53E72CE7B5EB}"
EndProject
Project("{FAE04EC0-301F-11D3-BF4B-00C04F79EFBC}") = "WebApplicationPostgresEF", "WebApplicationPostgresEF\WebApplicationPostgresEF.csproj", "{4D6C1415-036D-4A85-9BD2-1EA396B5EE0E}"
EndProject
Global
	GlobalSection(SolutionConfigurationPlatforms) = preSolution
		Debug|Any CPU = Debug|Any CPU
		Release|Any CPU = Release|Any CPU
	EndGlobalSection
	GlobalSection(ProjectConfigurationPlatforms) = postSolution
		{92E64F4E-6A8E-43C2-9C8D-694E0327BEF0}.Debug|Any CPU.ActiveCfg = Debug|Any CPU
		{92E64F4E-6A8E-43C2-9C8D-694E0327BEF0}.Debug|Any CPU.Build.0 = Debug|Any CPU
		{92E64F4E-6A8E-43C2-9C8D-694E0327BEF0}.Release|Any CPU.ActiveCfg = Release|Any CPU
		{92E64F4E-6A8E-43C2-9C8D-694E0327BEF0}.Release|Any CPU.Build.0 = Release|Any CPU
		{D167BFA5-BBA5-4BB3-B73E-75C9681AB850}.Debug|Any CPU.ActiveCfg = Debug|Any CPU
		{D167BFA5-BBA5-4BB3-B73E-75C9681AB850}.Debug|Any CPU.Build.0 = Debug|Any CPU
		{D167BFA5-BBA5-4BB3-B73E-75C9681AB850}.Release|Any CPU.ActiveCfg = Release|Any CPU
		{D167BFA5-BBA5-4BB3-B73E-75C9681AB850}.Release|Any CPU.Build.0 = Release|Any CPU
		{0EF99A1B-8415-4DF2-A33C-9B3CF75B33A7}.Debug|Any CPU.ActiveCfg = Debug|Any CPU
		{0EF99A1B-8415-4DF2-A33C-9B3CF75B33A7}.Debug|Any CPU.Build.0 = Debug|Any CPU
		{0EF99A1B-8415-4DF2-A33C-9B3CF75B33A7}.Release|Any CPU.ActiveCfg = Release|Any CPU
		{0EF99A1B-8415-4DF2-A33C-9B3CF75B33A7}.Release|Any CPU.Build.0 = Release|Any CPU
		{1807D81B-20C3-48F4-9BE1-BC145823CE1D}.Debug|Any CPU.ActiveCfg = Debug|Any CPU
		{1807D81B-20C3-48F4-9BE1-BC145823CE1D}.Debug|Any CPU.Build.0 = Debug|Any CPU
		{1807D81B-20C3-48F4-9BE1-BC145823CE1D}.Release|Any CPU.ActiveCfg = Release|Any CPU
		{1807D81B-20C3-48F4-9BE1-BC145823CE1D}.Release|Any CPU.Build.0 = Release|Any CPU
		{B0B0FD57-8621-4A0D-9401-D2FC0A144263}.Debug|Any CPU.ActiveCfg = Debug|Any CPU
		{B0B0FD57-8621-4A0D-9401-D2FC0A144263}.Debug|Any CPU.Build.0 = Debug|Any CPU
		{B0B0FD57-8621-4A0D-9401-D2FC0A144263}.Release|Any CPU.ActiveCfg = Release|Any CPU
		{B0B0FD57-8621-4A0D-9401-D2FC0A144263}.Release|Any CPU.Build.0 = Release|Any CPU
		{9695F532-6B30-4F50-877D-37321B36E775}.Debug|Any CPU.ActiveCfg = Debug|Any CPU
		{9695F532-6B30-4F50-877D-37321B36E775}.Debug|Any CPU.Build.0 = Debug|Any CPU
		{9695F532-6B30-4F50-877D-37321B36E775}.Release|Any CPU.ActiveCfg = Release|Any CPU
		{9695F532-6B30-4F50-877D-37321B36E775}.Release|Any CPU.Build.0 = Release|Any CPU
		{DB4D0B8B-9259-410D-84BF-53E72CE7B5EB}.Debug|Any CPU.ActiveCfg = Debug|Any CPU
		{DB4D0B8B-9259-410D-84BF-53E72CE7B5EB}.Debug|Any CPU.Build.0 = Debug|Any CPU
		{DB4D0B8B-9259-410D-84BF-53E72CE7B5EB}.Release|Any CPU.ActiveCfg = Release|Any CPU
		{DB4D0B8B-9259-410D-84BF-53E72CE7B5EB}.Release|Any CPU.Build.0 = Release|Any CPU
		{4D6C1415-036D-4A85-9BD2-1EA396B5EE0E}.Debug|Any CPU.ActiveCfg = Debug|Any CPU
		{4D6C1415-036D-4A85-9BD2-1EA396B5EE0E}.Debug|Any CPU.Build.0 = Debug|Any CPU
		{4D6C1415-036D-4A85-9BD2-1EA396B5EE0E}.Release|Any CPU.ActiveCfg = Release|Any CPU
		{4D6C1415-036D-4A85-9BD2-1EA396B5EE0E}.Release|Any CPU.Build.0 = Release|Any CPU
	EndGlobalSection
	GlobalSection(SolutionProperties) = preSolution
		HideSolutionNode = FALSE
	EndGlobalSection
	GlobalSection(ExtensibilityGlobals) = postSolution
		SolutionGuid = {A9DBE1FD-2601-4F67-B85B-CE26A668FA05}
	EndGlobalSection
	GlobalSection(NestedProjects) = preSolution
		{0EF99A1B-8415-4DF2-A33C-9B3CF75B33A7} = {220EFFC5-0A70-4C18-9948-3C344DC0E09D}
		{1807D81B-20C3-48F4-9BE1-BC145823CE1D} = {220EFFC5-0A70-4C18-9948-3C344DC0E09D}
		{B0B0FD57-8621-4A0D-9401-D2FC0A144263} = {220EFFC5-0A70-4C18-9948-3C344DC0E09D}
		{92E64F4E-6A8E-43C2-9C8D-694E0327BEF0} = {B84437AD-ECAE-457D-B6D4-228AD7F2E52E}
		{9695F532-6B30-4F50-877D-37321B36E775} = {B84437AD-ECAE-457D-B6D4-228AD7F2E52E}
		{D167BFA5-BBA5-4BB3-B73E-75C9681AB850} = {B84437AD-ECAE-457D-B6D4-228AD7F2E52E}
		{4D6C1415-036D-4A85-9BD2-1EA396B5EE0E} = {220EFFC5-0A70-4C18-9948-3C344DC0E09D}
	EndGlobalSection
EndGlobal
